# This file is autogenerated, do not edit; changes may be undone by the next 'dep ensure'.


[[projects]]
  branch = "master"
  name = "github.com/alecthomas/log4go"
  packages = ["."]
  revision = "d146e6b86faab5f7e4d135cc63b749d74bf0d4a6"

[[projects]]
  name = "github.com/hprose/hprose-golang"
  packages = [
    "io",
    "rpc",
    "util"
  ]
  revision = "b2b25423cffe1829254b1e4fbc6f0a7360dd626b"
  version = "v2.0.4"

[[projects]]
  name = "gopkg.in/yaml.v2"
  packages = ["."]
  revision = "5420a8b6744d3b0345ab293f6fcba19c978f1183"
  version = "v2.2.1"

[solve-meta]
  analyzer-name = "dep"
  analyzer-version = 1
  inputs-digest = "805b0335288744713b0b050f0c93a9016e1ba241e7fbb2d1d6aeadee5ff2d372"
  solver-name = "gps-cdcl"
  solver-version = 1
