# This file is autogenerated, do not edit; changes may be undone by the next 'dep ensure'.


[[projects]]
  branch = "master"
  name = "github.com/alecthomas/log4go"
  packages = ["."]
  revision = "d146e6b86faab5f7e4d135cc63b749d74bf0d4a6"

[[projects]]
  name = "github.com/ddliu/go-httpclient"
  packages = ["."]
  revision = "72917d81d0423a6235790470d15a4d099e3490f9"
  version = "v0.5.1"

[[projects]]
  name = "github.com/hprose/hprose-golang"
  packages = [
    "io",
    "rpc",
    "rpc/filter/jsonrpc",
    "util"
  ]
  revision = "b2b25423cffe1829254b1e4fbc6f0a7360dd626b"
  version = "v2.0.4"

[[projects]]
  name = "gopkg.in/yaml.v2"
  packages = ["."]
  revision = "5420a8b6744d3b0345ab293f6fcba19c978f1183"
  version = "v2.2.1"

[solve-meta]
  analyzer-name = "dep"
  analyzer-version = 1
  inputs-digest = "5759502e2630d0f1857d3ad830b7cf071b5c47ce04ac37803d642a95d8ca3ea6"
  solver-name = "gps-cdcl"
  solver-version = 1
